
Microsoft Visual Studio Solution File, Format Version 12.00
# Visual Studio Version 17
VisualStudioVersion = 17.6.33829.357
MinimumVisualStudioVersion = 10.0.40219.1
Project("{9A19103F-16F7-4668-BE54-9A1E7A4F7556}") = "MB13", "MB13\MB13.csproj", "{6E2A31E1-0EBE-4731-B241-5B66B284932C}"
EndProject
Project("{9A19103F-16F7-4668-BE54-9A1E7A4F7556}") = "MB14", "MB14\MB14.csproj", "{BF5276B6-FC54-41F4-8F1C-66F483AEE374}"
EndProject
Project("{9A19103F-16F7-4668-BE54-9A1E7A4F7556}") = "MB09", "MB09\MB09.csproj", "{F88669EE-0180-4C72-8FDD-9D044B6157EA}"
EndProject
Project("{9A19103F-16F7-4668-BE54-9A1E7A4F7556}") = "MB10", "MB10\MB10.csproj", "{74956A88-4439-4C93-9A09-C68871D5CAF0}"
EndProject
Project("{FAE04EC0-301F-11D3-BF4B-00C04F79EFBC}") = "MB17", "MB17\MB17.csproj", "{D16DDA2A-61D3-4F7A-B835-BEF5F6AA9B1C}"
EndProject
Project("{FAE04EC0-301F-11D3-BF4B-00C04F79EFBC}") = "MB16", "MB16\MB16.csproj", "{292E48FB-A636-4987-9CBC-9C0A86CFC4B1}"
EndProject
Project("{FAE04EC0-301F-11D3-BF4B-00C04F79EFBC}") = "MB15", "MB15\MB15.csproj", "{B5E923DC-F708-44A8-9802-B7D8D2C80270}"
EndProject
Global
	GlobalSection(SolutionConfigurationPlatforms) = preSolution
		Debug|Any CPU = Debug|Any CPU
		Release|Any CPU = Release|Any CPU
	EndGlobalSection
	GlobalSection(ProjectConfigurationPlatforms) = postSolution
		{6E2A31E1-0EBE-4731-B241-5B66B284932C}.Debug|Any CPU.ActiveCfg = Debug|Any CPU
		{6E2A31E1-0EBE-4731-B241-5B66B284932C}.Debug|Any CPU.Build.0 = Debug|Any CPU
		{6E2A31E1-0EBE-4731-B241-5B66B284932C}.Release|Any CPU.ActiveCfg = Release|Any CPU
		{6E2A31E1-0EBE-4731-B241-5B66B284932C}.Release|Any CPU.Build.0 = Release|Any CPU
		{BF5276B6-FC54-41F4-8F1C-66F483AEE374}.Debug|Any CPU.ActiveCfg = Debug|Any CPU
		{BF5276B6-FC54-41F4-8F1C-66F483AEE374}.Debug|Any CPU.Build.0 = Debug|Any CPU
		{BF5276B6-FC54-41F4-8F1C-66F483AEE374}.Release|Any CPU.ActiveCfg = Release|Any CPU
		{BF5276B6-FC54-41F4-8F1C-66F483AEE374}.Release|Any CPU.Build.0 = Release|Any CPU
		{F88669EE-0180-4C72-8FDD-9D044B6157EA}.Debug|Any CPU.ActiveCfg = Debug|Any CPU
		{F88669EE-0180-4C72-8FDD-9D044B6157EA}.Debug|Any CPU.Build.0 = Debug|Any CPU
		{F88669EE-0180-4C72-8FDD-9D044B6157EA}.Release|Any CPU.ActiveCfg = Release|Any CPU
		{F88669EE-0180-4C72-8FDD-9D044B6157EA}.Release|Any CPU.Build.0 = Release|Any CPU
		{74956A88-4439-4C93-9A09-C68871D5CAF0}.Debug|Any CPU.ActiveCfg = Debug|Any CPU
		{74956A88-4439-4C93-9A09-C68871D5CAF0}.Debug|Any CPU.Build.0 = Debug|Any CPU
		{74956A88-4439-4C93-9A09-C68871D5CAF0}.Release|Any CPU.ActiveCfg = Release|Any CPU
		{74956A88-4439-4C93-9A09-C68871D5CAF0}.Release|Any CPU.Build.0 = Release|Any CPU
		{D16DDA2A-61D3-4F7A-B835-BEF5F6AA9B1C}.Debug|Any CPU.ActiveCfg = Debug|Any CPU
		{D16DDA2A-61D3-4F7A-B835-BEF5F6AA9B1C}.Debug|Any CPU.Build.0 = Debug|Any CPU
		{D16DDA2A-61D3-4F7A-B835-BEF5F6AA9B1C}.Release|Any CPU.ActiveCfg = Release|Any CPU
		{D16DDA2A-61D3-4F7A-B835-BEF5F6AA9B1C}.Release|Any CPU.Build.0 = Release|Any CPU
		{292E48FB-A636-4987-9CBC-9C0A86CFC4B1}.Debug|Any CPU.ActiveCfg = Debug|Any CPU
		{292E48FB-A636-4987-9CBC-9C0A86CFC4B1}.Debug|Any CPU.Build.0 = Debug|Any CPU
		{292E48FB-A636-4987-9CBC-9C0A86CFC4B1}.Release|Any CPU.ActiveCfg = Release|Any CPU
		{292E48FB-A636-4987-9CBC-9C0A86CFC4B1}.Release|Any CPU.Build.0 = Release|Any CPU
		{B5E923DC-F708-44A8-9802-B7D8D2C80270}.Debug|Any CPU.ActiveCfg = Debug|Any CPU
		{B5E923DC-F708-44A8-9802-B7D8D2C80270}.Debug|Any CPU.Build.0 = Debug|Any CPU
		{B5E923DC-F708-44A8-9802-B7D8D2C80270}.Release|Any CPU.ActiveCfg = Release|Any CPU
		{B5E923DC-F708-44A8-9802-B7D8D2C80270}.Release|Any CPU.Build.0 = Release|Any CPU
	EndGlobalSection
	GlobalSection(SolutionProperties) = preSolution
		HideSolutionNode = FALSE
	EndGlobalSection
	GlobalSection(ExtensibilityGlobals) = postSolution
		SolutionGuid = {81BE65FB-BBAD-45E6-9841-A1CEBD7A25C4}
	EndGlobalSection
EndGlobal
