
Microsoft Visual Studio Solution File, Format Version 12.00
# Visual Studio Version 17
VisualStudioVersion = 17.6.33829.357
MinimumVisualStudioVersion = 10.0.40219.1
Project("{FAE04EC0-301F-11D3-BF4B-00C04F79EFBC}") = "MB12", "MB12\MB12.csproj", "{C04F9E69-2FFD-4488-B682-DBB740CA66E2}"
EndProject
Project("{FAE04EC0-301F-11D3-BF4B-00C04F79EFBC}") = "MB13", "MB13\MB13.csproj", "{6E2A31E1-0EBE-4731-B241-5B66B284932C}"
EndProject
Project("{FAE04EC0-301F-11D3-BF4B-00C04F79EFBC}") = "MB14", "MB14\MB14.csproj", "{BF5276B6-FC54-41F4-8F1C-66F483AEE374}"
EndProject
Project("{FAE04EC0-301F-11D3-BF4B-00C04F79EFBC}") = "MB11", "MB11\MB11.csproj", "{71392F74-F0F6-4C78-A5B3-096E3334C0E9}"
EndProject
Global
	GlobalSection(SolutionConfigurationPlatforms) = preSolution
		Debug|Any CPU = Debug|Any CPU
		Release|Any CPU = Release|Any CPU
	EndGlobalSection
	GlobalSection(ProjectConfigurationPlatforms) = postSolution
		{C04F9E69-2FFD-4488-B682-DBB740CA66E2}.Debug|Any CPU.ActiveCfg = Debug|Any CPU
		{C04F9E69-2FFD-4488-B682-DBB740CA66E2}.Debug|Any CPU.Build.0 = Debug|Any CPU
		{C04F9E69-2FFD-4488-B682-DBB740CA66E2}.Release|Any CPU.ActiveCfg = Release|Any CPU
		{C04F9E69-2FFD-4488-B682-DBB740CA66E2}.Release|Any CPU.Build.0 = Release|Any CPU
		{6E2A31E1-0EBE-4731-B241-5B66B284932C}.Debug|Any CPU.ActiveCfg = Debug|Any CPU
		{6E2A31E1-0EBE-4731-B241-5B66B284932C}.Debug|Any CPU.Build.0 = Debug|Any CPU
		{6E2A31E1-0EBE-4731-B241-5B66B284932C}.Release|Any CPU.ActiveCfg = Release|Any CPU
		{6E2A31E1-0EBE-4731-B241-5B66B284932C}.Release|Any CPU.Build.0 = Release|Any CPU
		{BF5276B6-FC54-41F4-8F1C-66F483AEE374}.Debug|Any CPU.ActiveCfg = Debug|Any CPU
		{BF5276B6-FC54-41F4-8F1C-66F483AEE374}.Debug|Any CPU.Build.0 = Debug|Any CPU
		{BF5276B6-FC54-41F4-8F1C-66F483AEE374}.Release|Any CPU.ActiveCfg = Release|Any CPU
		{BF5276B6-FC54-41F4-8F1C-66F483AEE374}.Release|Any CPU.Build.0 = Release|Any CPU
		{71392F74-F0F6-4C78-A5B3-096E3334C0E9}.Debug|Any CPU.ActiveCfg = Debug|Any CPU
		{71392F74-F0F6-4C78-A5B3-096E3334C0E9}.Debug|Any CPU.Build.0 = Debug|Any CPU
		{71392F74-F0F6-4C78-A5B3-096E3334C0E9}.Release|Any CPU.ActiveCfg = Release|Any CPU
		{71392F74-F0F6-4C78-A5B3-096E3334C0E9}.Release|Any CPU.Build.0 = Release|Any CPU
	EndGlobalSection
	GlobalSection(SolutionProperties) = preSolution
		HideSolutionNode = FALSE
	EndGlobalSection
	GlobalSection(ExtensibilityGlobals) = postSolution
		SolutionGuid = {81BE65FB-BBAD-45E6-9841-A1CEBD7A25C4}
	EndGlobalSection
EndGlobal
