
Microsoft Visual Studio Solution File, Format Version 12.00
# Visual Studio Version 17
VisualStudioVersion = 17.6.33829.357
MinimumVisualStudioVersion = 10.0.40219.1
Project("{9A19103F-16F7-4668-BE54-9A1E7A4F7556}") = "MB11", "MB01\MB11.csproj", "{95F65EC1-43B0-41A0-B1A0-7AAC552136F9}"
EndProject
Project("{9A19103F-16F7-4668-BE54-9A1E7A4F7556}") = "MB12", "MB02\MB12.csproj", "{1C3AAAA8-F022-4511-B1D8-F7A43421426E}"
EndProject
Project("{9A19103F-16F7-4668-BE54-9A1E7A4F7556}") = "MB13", "MB03\MB13.csproj", "{D46A71F8-4C90-48C1-8955-F0C32AA9B4E2}"
EndProject
Project("{9A19103F-16F7-4668-BE54-9A1E7A4F7556}") = "MB14", "MB04\MB14.csproj", "{59E32E7A-2CB7-4AF3-A940-4DA11329B2EE}"
EndProject
Global
	GlobalSection(SolutionConfigurationPlatforms) = preSolution
		Debug|Any CPU = Debug|Any CPU
		Release|Any CPU = Release|Any CPU
	EndGlobalSection
	GlobalSection(ProjectConfigurationPlatforms) = postSolution
		{95F65EC1-43B0-41A0-B1A0-7AAC552136F9}.Debug|Any CPU.ActiveCfg = Debug|Any CPU
		{95F65EC1-43B0-41A0-B1A0-7AAC552136F9}.Debug|Any CPU.Build.0 = Debug|Any CPU
		{95F65EC1-43B0-41A0-B1A0-7AAC552136F9}.Release|Any CPU.ActiveCfg = Release|Any CPU
		{95F65EC1-43B0-41A0-B1A0-7AAC552136F9}.Release|Any CPU.Build.0 = Release|Any CPU
		{1C3AAAA8-F022-4511-B1D8-F7A43421426E}.Debug|Any CPU.ActiveCfg = Debug|Any CPU
		{1C3AAAA8-F022-4511-B1D8-F7A43421426E}.Debug|Any CPU.Build.0 = Debug|Any CPU
		{1C3AAAA8-F022-4511-B1D8-F7A43421426E}.Release|Any CPU.ActiveCfg = Release|Any CPU
		{1C3AAAA8-F022-4511-B1D8-F7A43421426E}.Release|Any CPU.Build.0 = Release|Any CPU
		{D46A71F8-4C90-48C1-8955-F0C32AA9B4E2}.Debug|Any CPU.ActiveCfg = Debug|Any CPU
		{D46A71F8-4C90-48C1-8955-F0C32AA9B4E2}.Debug|Any CPU.Build.0 = Debug|Any CPU
		{D46A71F8-4C90-48C1-8955-F0C32AA9B4E2}.Release|Any CPU.ActiveCfg = Release|Any CPU
		{D46A71F8-4C90-48C1-8955-F0C32AA9B4E2}.Release|Any CPU.Build.0 = Release|Any CPU
		{59E32E7A-2CB7-4AF3-A940-4DA11329B2EE}.Debug|Any CPU.ActiveCfg = Debug|Any CPU
		{59E32E7A-2CB7-4AF3-A940-4DA11329B2EE}.Debug|Any CPU.Build.0 = Debug|Any CPU
		{59E32E7A-2CB7-4AF3-A940-4DA11329B2EE}.Release|Any CPU.ActiveCfg = Release|Any CPU
		{59E32E7A-2CB7-4AF3-A940-4DA11329B2EE}.Release|Any CPU.Build.0 = Release|Any CPU
	EndGlobalSection
	GlobalSection(SolutionProperties) = preSolution
		HideSolutionNode = FALSE
	EndGlobalSection
	GlobalSection(ExtensibilityGlobals) = postSolution
		SolutionGuid = {81BE65FB-BBAD-45E6-9841-A1CEBD7A25C4}
	EndGlobalSection
EndGlobal
